
Microsoft Visual Studio Solution File, Format Version 12.00
# Visual Studio Version 17
VisualStudioVersion = 17.14.36203.30 d17.14
MinimumVisualStudioVersion = 10.0.40219.1
Project("{FAE04EC0-301F-11D3-BF4B-00C04F79EFBC}") = "Matchin_game_pro", "Matchin_game_pro\Matchin_game_pro.csproj", "{054D9763-7764-4E87-9276-EECA76B28B26}"
EndProject
Global
	GlobalSection(SolutionConfigurationPlatforms) = preSolution
		Debug|Any CPU = Debug|Any CPU
		Release|Any CPU = Release|Any CPU
	EndGlobalSection
	GlobalSection(ProjectConfigurationPlatforms) = postSolution
		{054D9763-7764-4E87-9276-EECA76B28B26}.Debug|Any CPU.ActiveCfg = Debug|Any CPU
		{054D9763-7764-4E87-9276-EECA76B28B26}.Debug|Any CPU.Build.0 = Debug|Any CPU
		{054D9763-7764-4E87-9276-EECA76B28B26}.Release|Any CPU.ActiveCfg = Release|Any CPU
		{054D9763-7764-4E87-9276-EECA76B28B26}.Release|Any CPU.Build.0 = Release|Any CPU
	EndGlobalSection
	GlobalSection(SolutionProperties) = preSolution
		HideSolutionNode = FALSE
	EndGlobalSection
	GlobalSection(ExtensibilityGlobals) = postSolution
		SolutionGuid = {1B505D46-A687-412B-A85B-11271F59861E}
	EndGlobalSection
EndGlobal
